// !$*UTF8*$!
{
	archiveVersion = 1;
	classes = {
	};
	objectVersion = 46;
	objects = {

/* Begin PBXBuildFile section */
		93822D731D1CCEFD0076D13A /* main.m in Sources */ = {isa = PBXBuildFile; fileRef = 93822D721D1CCEFD0076D13A /* main.m */; };
		93822D761D1CCEFD0076D13A /* AppDelegate.m in Sources */ = {isa = PBXBuildFile; fileRef = 93822D751D1CCEFD0076D13A /* AppDelegate.m */; };
		93822D791D1CCEFD0076D13A /* ViewController.m in Sources */ = {isa = PBXBuildFile; fileRef = 93822D781D1CCEFD0076D13A /* ViewController.m */; };
		93822D7C1D1CCEFD0076D13A /* Main.storyboard in Resources */ = {isa = PBXBuildFile; fileRef = 93822D7A1D1CCEFD0076D13A /* Main.storyboard */; };
		93822D7E1D1CCEFD0076D13A /* Assets.xcassets in Resources */ = {isa = PBXBuildFile; fileRef = 93822D7D1D1CCEFD0076D13A /* Assets.xcassets */; };
		93822D811D1CCEFD0076D13A /* LaunchScreen.storyboard in Resources */ = {isa = PBXBuildFile; fileRef = 93822D7F1D1CCEFD0076D13A /* LaunchScreen.storyboard */; };
		93822D8C1D1CCEFD0076D13A /* RulerViewTests.m in Sources */ = {isa = PBXBuildFile; fileRef = 93822D8B1D1CCEFD0076D13A /* RulerViewTests.m */; };
		93822D971D1CCEFD0076D13A /* RulerViewUITests.m in Sources */ = {isa = PBXBuildFile; fileRef = 93822D961D1CCEFD0076D13A /* RulerViewUITests.m */; };
		93822DA61D1CCF2C0076D13A /* RulerView.m in Sources */ = {isa = PBXBuildFile; fileRef = 93822DA51D1CCF2C0076D13A /* RulerView.m */; };
/* End PBXBuildFile section */

/* Begin PBXContainerItemProxy section */
		93822D881D1CCEFD0076D13A /* PBXContainerItemProxy */ = {
			isa = PBXContainerItemProxy;
			containerPortal = 93822D661D1CCEFD0076D13A /* Project object */;
			proxyType = 1;
			remoteGlobalIDString = 93822D6D1D1CCEFD0076D13A;
			remoteInfo = RulerView;
		};
		93822D931D1CCEFD0076D13A /* PBXContainerItemProxy */ = {
			isa = PBXContainerItemProxy;
			containerPortal = 93822D661D1CCEFD0076D13A /* Project object */;
			proxyType = 1;
			remoteGlobalIDString = 93822D6D1D1CCEFD0076D13A;
			remoteInfo = RulerView;
		};
/* End PBXContainerItemProxy section */

/* Begin PBXFileReference section */
		93822D6E1D1CCEFD0076D13A /* RulerView.app */ = {isa = PBXFileReference; explicitFileType = wrapper.application; includeInIndex = 0; path = RulerView.app; sourceTree = BUILT_PRODUCTS_DIR; };
		93822D721D1CCEFD0076D13A /* main.m */ = {isa = PBXFileReference; lastKnownFileType = sourcecode.c.objc; path = main.m; sourceTree = "<group>"; };
		93822D741D1CCEFD0076D13A /* AppDelegate.h */ = {isa = PBXFileReference; lastKnownFileType = sourcecode.c.h; path = AppDelegate.h; sourceTree = "<group>"; };
		93822D751D1CCEFD0076D13A /* AppDelegate.m */ = {isa = PBXFileReference; lastKnownFileType = sourcecode.c.objc; path = AppDelegate.m; sourceTree = "<group>"; };
		93822D771D1CCEFD0076D13A /* ViewController.h */ = {isa = PBXFileReference; lastKnownFileType = sourcecode.c.h; path = ViewController.h; sourceTree = "<group>"; };
		93822D781D1CCEFD0076D13A /* ViewController.m */ = {isa = PBXFileReference; lastKnownFileType = sourcecode.c.objc; path = ViewController.m; sourceTree = "<group>"; };
		93822D7B1D1CCEFD0076D13A /* Base */ = {isa = PBXFileReference; lastKnownFileType = file.storyboard; name = Base; path = Base.lproj/Main.storyboard; sourceTree = "<group>"; };
		93822D7D1D1CCEFD0076D13A /* Assets.xcassets */ = {isa = PBXFileReference; lastKnownFileType = folder.assetcatalog; path = Assets.xcassets; sourceTree = "<group>"; };
		93822D801D1CCEFD0076D13A /* Base */ = {isa = PBXFileReference; lastKnownFileType = file.storyboard; name = Base; path = Base.lproj/LaunchScreen.storyboard; sourceTree = "<group>"; };
		93822D821D1CCEFD0076D13A /* Info.plist */ = {isa = PBXFileReference; lastKnownFileType = text.plist.xml; path = Info.plist; sourceTree = "<group>"; };
		93822D871D1CCEFD0076D13A /* RulerViewTests.xctest */ = {isa = PBXFileReference; explicitFileType = wrapper.cfbundle; includeInIndex = 0; path = RulerViewTests.xctest; sourceTree = BUILT_PRODUCTS_DIR; };
		93822D8B1D1CCEFD0076D13A /* RulerViewTests.m */ = {isa = PBXFileReference; lastKnownFileType = sourcecode.c.objc; path = RulerViewTests.m; sourceTree = "<group>"; };
		93822D8D1D1CCEFD0076D13A /* Info.plist */ = {isa = PBXFileReference; lastKnownFileType = text.plist.xml; path = Info.plist; sourceTree = "<group>"; };
		93822D921D1CCEFD0076D13A /* RulerViewUITests.xctest */ = {isa = PBXFileReference; explicitFileType = wrapper.cfbundle; includeInIndex = 0; path = RulerViewUITests.xctest; sourceTree = BUILT_PRODUCTS_DIR; };
		93822D961D1CCEFD0076D13A /* RulerViewUITests.m */ = {isa = PBXFileReference; lastKnownFileType = sourcecode.c.objc; path = RulerViewUITests.m; sourceTree = "<group>"; };
		93822D981D1CCEFD0076D13A /* Info.plist */ = {isa = PBXFileReference; lastKnownFileType = text.plist.xml; path = Info.plist; sourceTree = "<group>"; };
		93822DA41D1CCF2C0076D13A /* RulerView.h */ = {isa = PBXFileReference; fileEncoding = 4; lastKnownFileType = sourcecode.c.h; path = RulerView.h; sourceTree = "<group>"; };
		93822DA51D1CCF2C0076D13A /* RulerView.m */ = {isa = PBXFileReference; fileEncoding = 4; lastKnownFileType = sourcecode.c.objc; path = RulerView.m; sourceTree = "<group>"; };
/* End PBXFileReference section */

/* Begin PBXFrameworksBuildPhase section */
		93822D6B1D1CCEFD0076D13A /* Frameworks */ = {
			isa = PBXFrameworksBuildPhase;
			buildActionMask = 2147483647;
			files = (
			);
			runOnlyForDeploymentPostprocessing = 0;
		};
		93822D841D1CCEFD0076D13A /* Frameworks */ = {
			isa = PBXFrameworksBuildPhase;
			buildActionMask = 2147483647;
			files = (
			);
			runOnlyForDeploymentPostprocessing = 0;
		};
		93822D8F1D1CCEFD0076D13A /* Frameworks */ = {
			isa = PBXFrameworksBuildPhase;
			buildActionMask = 2147483647;
			files = (
			);
			runOnlyForDeploymentPostprocessing = 0;
		};
/* End PBXFrameworksBuildPhase section */

/* Begin PBXGroup section */
		93822D651D1CCEFD0076D13A = {
			isa = PBXGroup;
			children = (
				93822D701D1CCEFD0076D13A /* RulerView */,
				93822D8A1D1CCEFD0076D13A /* RulerViewTests */,
				93822D951D1CCEFD0076D13A /* RulerViewUITests */,
				93822D6F1D1CCEFD0076D13A /* Products */,
			);
			sourceTree = "<group>";
		};
		93822D6F1D1CCEFD0076D13A /* Products */ = {
			isa = PBXGroup;
			children = (
				93822D6E1D1CCEFD0076D13A /* RulerView.app */,
				93822D871D1CCEFD0076D13A /* RulerViewTests.xctest */,
				93822D921D1CCEFD0076D13A /* RulerViewUITests.xctest */,
			);
			name = Products;
			sourceTree = "<group>";
		};
		93822D701D1CCEFD0076D13A /* RulerView */ = {
			isa = PBXGroup;
			children = (
				93822DA41D1CCF2C0076D13A /* RulerView.h */,
				93822DA51D1CCF2C0076D13A /* RulerView.m */,
				93822D741D1CCEFD0076D13A /* AppDelegate.h */,
				93822D751D1CCEFD0076D13A /* AppDelegate.m */,
				93822D771D1CCEFD0076D13A /* ViewController.h */,
				93822D781D1CCEFD0076D13A /* ViewController.m */,
				93822D7A1D1CCEFD0076D13A /* Main.storyboard */,
				93822D7D1D1CCEFD0076D13A /* Assets.xcassets */,
				93822D7F1D1CCEFD0076D13A /* LaunchScreen.storyboard */,
				93822D821D1CCEFD0076D13A /* Info.plist */,
				93822D711D1CCEFD0076D13A /* Supporting Files */,
			);
			path = RulerView;
			sourceTree = "<group>";
		};
		93822D711D1CCEFD0076D13A /* Supporting Files */ = {
			isa = PBXGroup;
			children = (
				93822D721D1CCEFD0076D13A /* main.m */,
			);
			name = "Supporting Files";
			sourceTree = "<group>";
		};
		93822D8A1D1CCEFD0076D13A /* RulerViewTests */ = {
			isa = PBXGroup;
			children = (
				93822D8B1D1CCEFD0076D13A /* RulerViewTests.m */,
				93822D8D1D1CCEFD0076D13A /* Info.plist */,
			);
			path = RulerViewTests;
			sourceTree = "<group>";
		};
		93822D951D1CCEFD0076D13A /* RulerViewUITests */ = {
			isa = PBXGroup;
			children = (
				93822D961D1CCEFD0076D13A /* RulerViewUITests.m */,
				93822D981D1CCEFD0076D13A /* Info.plist */,
			);
			path = RulerViewUITests;
			sourceTree = "<group>";
		};
/* End PBXGroup section */

/* Begin PBXNativeTarget section */
		93822D6D1D1CCEFD0076D13A /* RulerView */ = {
			isa = PBXNativeTarget;
			buildConfigurationList = 93822D9B1D1CCEFD0076D13A /* Build configuration list for PBXNativeTarget "RulerView" */;
			buildPhases = (
				93822D6A1D1CCEFD0076D13A /* Sources */,
				93822D6B1D1CCEFD0076D13A /* Frameworks */,
				93822D6C1D1CCEFD0076D13A /* Resources */,
			);
			buildRules = (
			);
			dependencies = (
			);
			name = RulerView;
			productName = RulerView;
			productReference = 93822D6E1D1CCEFD0076D13A /* RulerView.app */;
			productType = "com.apple.product-type.application";
		};
		93822D861D1CCEFD0076D13A /* RulerViewTests */ = {
			isa = PBXNativeTarget;
			buildConfigurationList = 93822D9E1D1CCEFD0076D13A /* Build configuration list for PBXNativeTarget "RulerViewTests" */;
			buildPhases = (
				93822D831D1CCEFD0076D13A /* Sources */,
				93822D841D1CCEFD0076D13A /* Frameworks */,
				93822D851D1CCEFD0076D13A /* Resources */,
			);
			buildRules = (
			);
			dependencies = (
				93822D891D1CCEFD0076D13A /* PBXTargetDependency */,
			);
			name = RulerViewTests;
			productName = RulerViewTests;
			productReference = 93822D871D1CCEFD0076D13A /* RulerViewTests.xctest */;
			productType = "com.apple.product-type.bundle.unit-test";
		};
		93822D911D1CCEFD0076D13A /* RulerViewUITests */ = {
			isa = PBXNativeTarget;
			buildConfigurationList = 93822DA11D1CCEFD0076D13A /* Build configuration list for PBXNativeTarget "RulerViewUITests" */;
			buildPhases = (
				93822D8E1D1CCEFD0076D13A /* Sources */,
				93822D8F1D1CCEFD0076D13A /* Frameworks */,
				93822D901D1CCEFD0076D13A /* Resources */,
			);
			buildRules = (
			);
			dependencies = (
				93822D941D1CCEFD0076D13A /* PBXTargetDependency */,
			);
			name = RulerViewUITests;
			productName = RulerViewUITests;
			productReference = 93822D921D1CCEFD0076D13A /* RulerViewUITests.xctest */;
			productType = "com.apple.product-type.bundle.ui-testing";
		};
/* End PBXNativeTarget section */

/* Begin PBXProject section */
		93822D661D1CCEFD0076D13A /* Project object */ = {
			isa = PBXProject;
			attributes = {
				LastUpgradeCheck = 0730;
				ORGANIZATIONNAME = Tmac;
				TargetAttributes = {
					93822D6D1D1CCEFD0076D13A = {
						CreatedOnToolsVersion = 7.3;
					};
					93822D861D1CCEFD0076D13A = {
						CreatedOnToolsVersion = 7.3;
						TestTargetID = 93822D6D1D1CCEFD0076D13A;
					};
					93822D911D1CCEFD0076D13A = {
						CreatedOnToolsVersion = 7.3;
						TestTargetID = 93822D6D1D1CCEFD0076D13A;
					};
				};
			};
			buildConfigurationList = 93822D691D1CCEFD0076D13A /* Build configuration list for PBXProject "RulerView" */;
			compatibilityVersion = "Xcode 3.2";
			developmentRegion = English;
			hasScannedForEncodings = 0;
			knownRegions = (
				en,
				Base,
			);
			mainGroup = 93822D651D1CCEFD0076D13A;
			productRefGroup = 93822D6F1D1CCEFD0076D13A /* Products */;
			projectDirPath = "";
			projectRoot = "";
			targets = (
				93822D6D1D1CCEFD0076D13A /* RulerView */,
				93822D861D1CCEFD0076D13A /* RulerViewTests */,
				93822D911D1CCEFD0076D13A /* RulerViewUITests */,
			);
		};
/* End PBXProject section */

/* Begin PBXResourcesBuildPhase section */
		93822D6C1D1CCEFD0076D13A /* Resources */ = {
			isa = PBXResourcesBuildPhase;
			buildActionMask = 2147483647;
			files = (
				93822D811D1CCEFD0076D13A /* LaunchScreen.storyboard in Resources */,
				93822D7E1D1CCEFD0076D13A /* Assets.xcassets in Resources */,
				93822D7C1D1CCEFD0076D13A /* Main.storyboard in Resources */,
			);
			runOnlyForDeploymentPostprocessing = 0;
		};
		93822D851D1CCEFD0076D13A /* Resources */ = {
			isa = PBXResourcesBuildPhase;
			buildActionMask = 2147483647;
			files = (
			);
			runOnlyForDeploymentPostprocessing = 0;
		};
		93822D901D1CCEFD0076D13A /* Resources */ = {
			isa = PBXResourcesBuildPhase;
			buildActionMask = 2147483647;
			files = (
			);
			runOnlyForDeploymentPostprocessing = 0;
		};
/* End PBXResourcesBuildPhase section */

/* Begin PBXSourcesBuildPhase section */
		93822D6A1D1CCEFD0076D13A /* Sources */ = {
			isa = PBXSourcesBuildPhase;
			buildActionMask = 2147483647;
			files = (
				93822D791D1CCEFD0076D13A /* ViewController.m in Sources */,
				93822D761D1CCEFD0076D13A /* AppDelegate.m in Sources */,
				93822D731D1CCEFD0076D13A /* main.m in Sources */,
				93822DA61D1CCF2C0076D13A /* RulerView.m in Sources */,
			);
			runOnlyForDeploymentPostprocessing = 0;
		};
		93822D831D1CCEFD0076D13A /* Sources */ = {
			isa = PBXSourcesBuildPhase;
			buildActionMask = 2147483647;
			files = (
				93822D8C1D1CCEFD0076D13A /* RulerViewTests.m in Sources */,
			);
			runOnlyForDeploymentPostprocessing = 0;
		};
		93822D8E1D1CCEFD0076D13A /* Sources */ = {
			isa = PBXSourcesBuildPhase;
			buildActionMask = 2147483647;
			files = (
				93822D971D1CCEFD0076D13A /* RulerViewUITests.m in Sources */,
			);
			runOnlyForDeploymentPostprocessing = 0;
		};
/* End PBXSourcesBuildPhase section */

/* Begin PBXTargetDependency section */
		93822D891D1CCEFD0076D13A /* PBXTargetDependency */ = {
			isa = PBXTargetDependency;
			target = 93822D6D1D1CCEFD0076D13A /* RulerView */;
			targetProxy = 93822D881D1CCEFD0076D13A /* PBXContainerItemProxy */;
		};
		93822D941D1CCEFD0076D13A /* PBXTargetDependency */ = {
			isa = PBXTargetDependency;
			target = 93822D6D1D1CCEFD0076D13A /* RulerView */;
			targetProxy = 93822D931D1CCEFD0076D13A /* PBXContainerItemProxy */;
		};
/* End PBXTargetDependency section */

/* Begin PBXVariantGroup section */
		93822D7A1D1CCEFD0076D13A /* Main.storyboard */ = {
			isa = PBXVariantGroup;
			children = (
				93822D7B1D1CCEFD0076D13A /* Base */,
			);
			name = Main.storyboard;
			sourceTree = "<group>";
		};
		93822D7F1D1CCEFD0076D13A /* LaunchScreen.storyboard */ = {
			isa = PBXVariantGroup;
			children = (
				93822D801D1CCEFD0076D13A /* Base */,
			);
			name = LaunchScreen.storyboard;
			sourceTree = "<group>";
		};
/* End PBXVariantGroup section */

/* Begin XCBuildConfiguration section */
		93822D991D1CCEFD0076D13A /* Debug */ = {
			isa = XCBuildConfiguration;
			buildSettings = {
				ALWAYS_SEARCH_USER_PATHS = NO;
				CLANG_ANALYZER_NONNULL = YES;
				CLANG_CXX_LANGUAGE_STANDARD = "gnu++0x";
				CLANG_CXX_LIBRARY = "libc++";
				CLANG_ENABLE_MODULES = YES;
				CLANG_ENABLE_OBJC_ARC = YES;
				CLANG_WARN_BOOL_CONVERSION = YES;
				CLANG_WARN_CONSTANT_CONVERSION = YES;
				CLANG_WARN_DIRECT_OBJC_ISA_USAGE = YES_ERROR;
				CLANG_WARN_EMPTY_BODY = YES;
				CLANG_WARN_ENUM_CONVERSION = YES;
				CLANG_WARN_INT_CONVERSION = YES;
				CLANG_WARN_OBJC_ROOT_CLASS = YES_ERROR;
				CLANG_WARN_UNREACHABLE_CODE = YES;
				CLANG_WARN__DUPLICATE_METHOD_MATCH = YES;
				"CODE_SIGN_IDENTITY[sdk=iphoneos*]" = "iPhone Developer";
				COPY_PHASE_STRIP = NO;
				DEBUG_INFORMATION_FORMAT = dwarf;
				ENABLE_STRICT_OBJC_MSGSEND = YES;
				ENABLE_TESTABILITY = YES;
				GCC_C_LANGUAGE_STANDARD = gnu99;
				GCC_DYNAMIC_NO_PIC = NO;
				GCC_NO_COMMON_BLOCKS = YES;
				GCC_OPTIMIZATION_LEVEL = 0;
				GCC_PREPROCESSOR_DEFINITIONS = (
					"DEBUG=1",
					"$(inherited)",
				);
				GCC_WARN_64_TO_32_BIT_CONVERSION = YES;
				GCC_WARN_ABOUT_RETURN_TYPE = YES_ERROR;
				GCC_WARN_UNDECLARED_SELECTOR = YES;
				GCC_WARN_UNINITIALIZED_AUTOS = YES_AGGRESSIVE;
				GCC_WARN_UNUSED_FUNCTION = YES;
				GCC_WARN_UNUSED_VARIABLE = YES;
				IPHONEOS_DEPLOYMENT_TARGET = 9.3;
				MTL_ENABLE_DEBUG_INFO = YES;
				ONLY_ACTIVE_ARCH = YES;
				SDKROOT = iphoneos;
			};
			name = Debug;
		};
		93822D9A1D1CCEFD0076D13A /* Release */ = {
			isa = XCBuildConfiguration;
			buildSettings = {
				ALWAYS_SEARCH_USER_PATHS = NO;
				CLANG_ANALYZER_NONNULL = YES;
				CLANG_CXX_LANGUAGE_STANDARD = "gnu++0x";
				CLANG_CXX_LIBRARY = "libc++";
				CLANG_ENABLE_MODULES = YES;
				CLANG_ENABLE_OBJC_ARC = YES;
				CLANG_WARN_BOOL_CONVERSION = YES;
				CLANG_WARN_CONSTANT_CONVERSION = YES;
				CLANG_WARN_DIRECT_OBJC_ISA_USAGE = YES_ERROR;
				CLANG_WARN_EMPTY_BODY = YES;
				CLANG_WARN_ENUM_CONVERSION = YES;
				CLANG_WARN_INT_CONVERSION = YES;
				CLANG_WARN_OBJC_ROOT_CLASS = YES_ERROR;
				CLANG_WARN_UNREACHABLE_CODE = YES;
				CLANG_WARN__DUPLICATE_METHOD_MATCH = YES;
				"CODE_SIGN_IDENTITY[sdk=iphoneos*]" = "iPhone Developer";
				COPY_PHASE_STRIP = NO;
				DEBUG_INFORMATION_FORMAT = "dwarf-with-dsym";
				ENABLE_NS_ASSERTIONS = NO;
				ENABLE_STRICT_OBJC_MSGSEND = YES;
				GCC_C_LANGUAGE_STANDARD = gnu99;
				GCC_NO_COMMON_BLOCKS = YES;
				GCC_WARN_64_TO_32_BIT_CONVERSION = YES;
				GCC_WARN_ABOUT_RETURN_TYPE = YES_ERROR;
				GCC_WARN_UNDECLARED_SELECTOR = YES;
				GCC_WARN_UNINITIALIZED_AUTOS = YES_AGGRESSIVE;
				GCC_WARN_UNUSED_FUNCTION = YES;
				GCC_WARN_UNUSED_VARIABLE = YES;
				IPHONEOS_DEPLOYMENT_TARGET = 9.3;
				MTL_ENABLE_DEBUG_INFO = NO;
				SDKROOT = iphoneos;
				VALIDATE_PRODUCT = YES;
			};
			name = Release;
		};
		93822D9C1D1CCEFD0076D13A /* Debug */ = {
			isa = XCBuildConfiguration;
			buildSettings = {
				ASSETCATALOG_COMPILER_APPICON_NAME = AppIcon;
				INFOPLIST_FILE = RulerView/Info.plist;
				LD_RUNPATH_SEARCH_PATHS = "$(inherited) @executable_path/Frameworks";
				PRODUCT_BUNDLE_IDENTIFIER = com.fenda.RulerView;
				PRODUCT_NAME = "$(TARGET_NAME)";
			};
			name = Debug;
		};
		93822D9D1D1CCEFD0076D13A /* Release */ = {
			isa = XCBuildConfiguration;
			buildSettings = {
				ASSETCATALOG_COMPILER_APPICON_NAME = AppIcon;
				INFOPLIST_FILE = RulerView/Info.plist;
				LD_RUNPATH_SEARCH_PATHS = "$(inherited) @executable_path/Frameworks";
				PRODUCT_BUNDLE_IDENTIFIER = com.fenda.RulerView;
				PRODUCT_NAME = "$(TARGET_NAME)";
			};
			name = Release;
		};
		93822D9F1D1CCEFD0076D13A /* Debug */ = {
			isa = XCBuildConfiguration;
			buildSettings = {
				BUNDLE_LOADER = "$(TEST_HOST)";
				INFOPLIST_FILE = RulerViewTests/Info.plist;
				LD_RUNPATH_SEARCH_PATHS = "$(inherited) @executable_path/Frameworks @loader_path/Frameworks";
				PRODUCT_BUNDLE_IDENTIFIER = com.fenda.RulerViewTests;
				PRODUCT_NAME = "$(TARGET_NAME)";
				TEST_HOST = "$(BUILT_PRODUCTS_DIR)/RulerView.app/RulerView";
			};
			name = Debug;
		};
		93822DA01D1CCEFD0076D13A /* Release */ = {
			isa = XCBuildConfiguration;
			buildSettings = {
				BUNDLE_LOADER = "$(TEST_HOST)";
				INFOPLIST_FILE = RulerViewTests/Info.plist;
				LD_RUNPATH_SEARCH_PATHS = "$(inherited) @executable_path/Frameworks @loader_path/Frameworks";
				PRODUCT_BUNDLE_IDENTIFIER = com.fenda.RulerViewTests;
				PRODUCT_NAME = "$(TARGET_NAME)";
				TEST_HOST = "$(BUILT_PRODUCTS_DIR)/RulerView.app/RulerView";
			};
			name = Release;
		};
		93822DA21D1CCEFD0076D13A /* Debug */ = {
			isa = XCBuildConfiguration;
			buildSettings = {
				INFOPLIST_FILE = RulerViewUITests/Info.plist;
				LD_RUNPATH_SEARCH_PATHS = "$(inherited) @executable_path/Frameworks @loader_path/Frameworks";
				PRODUCT_BUNDLE_IDENTIFIER = com.fenda.RulerViewUITests;
				PRODUCT_NAME = "$(TARGET_NAME)";
				TEST_TARGET_NAME = RulerView;
			};
			name = Debug;
		};
		93822DA31D1CCEFD0076D13A /* Release */ = {
			isa = XCBuildConfiguration;
			buildSettings = {
				INFOPLIST_FILE = RulerViewUITests/Info.plist;
				LD_RUNPATH_SEARCH_PATHS = "$(inherited) @executable_path/Frameworks @loader_path/Frameworks";
				PRODUCT_BUNDLE_IDENTIFIER = com.fenda.RulerViewUITests;
				PRODUCT_NAME = "$(TARGET_NAME)";
				TEST_TARGET_NAME = RulerView;
			};
			name = Release;
		};
/* End XCBuildConfiguration section */

/* Begin XCConfigurationList section */
		93822D691D1CCEFD0076D13A /* Build configuration list for PBXProject "RulerView" */ = {
			isa = XCConfigurationList;
			buildConfigurations = (
				93822D991D1CCEFD0076D13A /* Debug */,
				93822D9A1D1CCEFD0076D13A /* Release */,
			);
			defaultConfigurationIsVisible = 0;
			defaultConfigurationName = Release;
		};
		93822D9B1D1CCEFD0076D13A /* Build configuration list for PBXNativeTarget "RulerView" */ = {
			isa = XCConfigurationList;
			buildConfigurations = (
				93822D9C1D1CCEFD0076D13A /* Debug */,
				93822D9D1D1CCEFD0076D13A /* Release */,
			);
			defaultConfigurationIsVisible = 0;
		};
		93822D9E1D1CCEFD0076D13A /* Build configuration list for PBXNativeTarget "RulerViewTests" */ = {
			isa = XCConfigurationList;
			buildConfigurations = (
				93822D9F1D1CCEFD0076D13A /* Debug */,
				93822DA01D1CCEFD0076D13A /* Release */,
			);
			defaultConfigurationIsVisible = 0;
		};
		93822DA11D1CCEFD0076D13A /* Build configuration list for PBXNativeTarget "RulerViewUITests" */ = {
			isa = XCConfigurationList;
			buildConfigurations = (
				93822DA21D1CCEFD0076D13A /* Debug */,
				93822DA31D1CCEFD0076D13A /* Release */,
			);
			defaultConfigurationIsVisible = 0;
		};
/* End XCConfigurationList section */
	};
	rootObject = 93822D661D1CCEFD0076D13A /* Project object */;
}
